// !$*UTF8*$!
{
	archiveVersion = 1;
	classes = {
	};
	objectVersion = 56;
	objects = {

/* Begin PBXBuildFile section */
		475F1AAD2ADC2FE0001DCF2F /* NetworkClient.swift in Sources */ = {isa = PBXBuildFile; fileRef = 475F1AAB2ADC2FE0001DCF2F /* NetworkClient.swift */; };
		475F1AAE2ADC2FE0001DCF2F /* NetworkRequest.swift in Sources */ = {isa = PBXBuildFile; fileRef = 475F1AAC2ADC2FE0001DCF2F /* NetworkRequest.swift */; };
		475F1AB02ADC324D001DCF2F /* Constants.swift in Sources */ = {isa = PBXBuildFile; fileRef = 475F1AAF2ADC324D001DCF2F /* Constants.swift */; };
		475F1AB22ADC333D001DCF2F /* APIRequest.swift in Sources */ = {isa = PBXBuildFile; fileRef = 475F1AB12ADC333D001DCF2F /* APIRequest.swift */; };
		475F1ABF2ADC4C2C001DCF2F /* MulticastDelegate.swift in Sources */ = {isa = PBXBuildFile; fileRef = 475F1ABE2ADC4C2C001DCF2F /* MulticastDelegate.swift */; };
		475F1ACB2ADC59DF001DCF2F /* event_details_response_1.json in Resources */ = {isa = PBXBuildFile; fileRef = 475F1AC92ADC59DF001DCF2F /* event_details_response_1.json */; };
		475F1ACC2ADC59DF001DCF2F /* event_details_response_2.json in Resources */ = {isa = PBXBuildFile; fileRef = 475F1ACA2ADC59DF001DCF2F /* event_details_response_2.json */; };
		475F1ACE2ADC5F6C001DCF2F /* MainTabBarViewController.swift in Sources */ = {isa = PBXBuildFile; fileRef = 475F1ACD2ADC5F6C001DCF2F /* MainTabBarViewController.swift */; };
		475F1AD32ADC7B0C001DCF2F /* Tournament.swift in Sources */ = {isa = PBXBuildFile; fileRef = 475F1AD22ADC7B0B001DCF2F /* Tournament.swift */; };
		475F1AD82ADD4AB0001DCF2F /* EventTableViewCell.swift in Sources */ = {isa = PBXBuildFile; fileRef = 475F1AD72ADD4AB0001DCF2F /* EventTableViewCell.swift */; };
		475F1ADE2ADDC6EB001DCF2F /* EventDetailsView.swift in Sources */ = {isa = PBXBuildFile; fileRef = 475F1ADD2ADDC6EB001DCF2F /* EventDetailsView.swift */; };
		475F1B212ADEFB6A001DCF2F /* Sofascore.xcdatamodeld in Sources */ = {isa = PBXBuildFile; fileRef = 475F1B1F2ADEFB6A001DCF2F /* Sofascore.xcdatamodeld */; };
		475F1B292ADF0241001DCF2F /* EventId.swift in Sources */ = {isa = PBXBuildFile; fileRef = 475F1B282ADF0241001DCF2F /* EventId.swift */; };
		475F1B2C2AE06740001DCF2F /* EventDetailsResponse.swift in Sources */ = {isa = PBXBuildFile; fileRef = 475F1B2B2AE06740001DCF2F /* EventDetailsResponse.swift */; };
		475F1B2F2AE067B2001DCF2F /* EventDetails.swift in Sources */ = {isa = PBXBuildFile; fileRef = 475F1B2E2AE067B2001DCF2F /* EventDetails.swift */; };
		4788BA652ADBE7B500B98FF0 /* AppDelegate.swift in Sources */ = {isa = PBXBuildFile; fileRef = 4788BA642ADBE7B500B98FF0 /* AppDelegate.swift */; };
		4788BA672ADBE7B500B98FF0 /* SceneDelegate.swift in Sources */ = {isa = PBXBuildFile; fileRef = 4788BA662ADBE7B500B98FF0 /* SceneDelegate.swift */; };
		4788BA712ADBE7B600B98FF0 /* Assets.xcassets in Resources */ = {isa = PBXBuildFile; fileRef = 4788BA702ADBE7B600B98FF0 /* Assets.xcassets */; };
		4788BA742ADBE7B600B98FF0 /* LaunchScreen.storyboard in Resources */ = {isa = PBXBuildFile; fileRef = 4788BA722ADBE7B600B98FF0 /* LaunchScreen.storyboard */; };
		4788BA802ADBE7B600B98FF0 /* SofascoreTests.swift in Sources */ = {isa = PBXBuildFile; fileRef = 4788BA7F2ADBE7B600B98FF0 /* SofascoreTests.swift */; };
		4788BA8A2ADBE7B600B98FF0 /* SofascoreUITests.swift in Sources */ = {isa = PBXBuildFile; fileRef = 4788BA892ADBE7B600B98FF0 /* SofascoreUITests.swift */; };
		4788BA8C2ADBE7B600B98FF0 /* SofascoreUITestsLaunchTests.swift in Sources */ = {isa = PBXBuildFile; fileRef = 4788BA8B2ADBE7B600B98FF0 /* SofascoreUITestsLaunchTests.swift */; };
		4788BAA12ADBEB7500B98FF0 /* Font.swift in Sources */ = {isa = PBXBuildFile; fileRef = 4788BAA02ADBEB7500B98FF0 /* Font.swift */; };
		4788BAA32ADBEC3300B98FF0 /* Event.swift in Sources */ = {isa = PBXBuildFile; fileRef = 4788BAA22ADBEC3300B98FF0 /* Event.swift */; };
		4788BAA62ADBFF2400B98FF0 /* EventListViewController.swift in Sources */ = {isa = PBXBuildFile; fileRef = 4788BAA52ADBFF2400B98FF0 /* EventListViewController.swift */; };
		4788BAA82ADBFF3B00B98FF0 /* EventListViewModel.swift in Sources */ = {isa = PBXBuildFile; fileRef = 4788BAA72ADBFF3B00B98FF0 /* EventListViewModel.swift */; };
		4788BAAA2ADC030200B98FF0 /* EventDetailsViewController.swift in Sources */ = {isa = PBXBuildFile; fileRef = 4788BAA92ADC030200B98FF0 /* EventDetailsViewController.swift */; };
		4788BAAD2ADC035A00B98FF0 /* EventDetailsViewModel.swift in Sources */ = {isa = PBXBuildFile; fileRef = 4788BAAC2ADC035A00B98FF0 /* EventDetailsViewModel.swift */; };
		4788BAB02ADC038A00B98FF0 /* FavouritesViewController.swift in Sources */ = {isa = PBXBuildFile; fileRef = 4788BAAF2ADC038A00B98FF0 /* FavouritesViewController.swift */; };
		4788BAB22ADC03A200B98FF0 /* FavouritesViewModel.swift in Sources */ = {isa = PBXBuildFile; fileRef = 4788BAB12ADC03A200B98FF0 /* FavouritesViewModel.swift */; };
		4788BAF72ADC08E400B98FF0 /* NetworkError.swift in Sources */ = {isa = PBXBuildFile; fileRef = 4788BAF62ADC08E400B98FF0 /* NetworkError.swift */; };
		4788BAFA2ADC0AC000B98FF0 /* EventsStore.swift in Sources */ = {isa = PBXBuildFile; fileRef = 4788BAF92ADC0AC000B98FF0 /* EventsStore.swift */; };
		4788BAFD2ADC0B1100B98FF0 /* EventsService.swift in Sources */ = {isa = PBXBuildFile; fileRef = 4788BAFC2ADC0B1100B98FF0 /* EventsService.swift */; };
		4788BAFF2ADC0B2500B98FF0 /* EventsRepository.swift in Sources */ = {isa = PBXBuildFile; fileRef = 4788BAFE2ADC0B2500B98FF0 /* EventsRepository.swift */; };
/* End PBXBuildFile section */

/* Begin PBXContainerItemProxy section */
		4788BA7C2ADBE7B600B98FF0 /* PBXContainerItemProxy */ = {
			isa = PBXContainerItemProxy;
			containerPortal = 4788BA592ADBE7B500B98FF0 /* Project object */;
			proxyType = 1;
			remoteGlobalIDString = 4788BA602ADBE7B500B98FF0;
			remoteInfo = Sofascore;
		};
		4788BA862ADBE7B600B98FF0 /* PBXContainerItemProxy */ = {
			isa = PBXContainerItemProxy;
			containerPortal = 4788BA592ADBE7B500B98FF0 /* Project object */;
			proxyType = 1;
			remoteGlobalIDString = 4788BA602ADBE7B500B98FF0;
			remoteInfo = Sofascore;
		};
/* End PBXContainerItemProxy section */

/* Begin PBXFileReference section */
		475F1AAB2ADC2FE0001DCF2F /* NetworkClient.swift */ = {isa = PBXFileReference; fileEncoding = 4; lastKnownFileType = sourcecode.swift; path = NetworkClient.swift; sourceTree = "<group>"; };
		475F1AAC2ADC2FE0001DCF2F /* NetworkRequest.swift */ = {isa = PBXFileReference; fileEncoding = 4; lastKnownFileType = sourcecode.swift; path = NetworkRequest.swift; sourceTree = "<group>"; };
		475F1AAF2ADC324D001DCF2F /* Constants.swift */ = {isa = PBXFileReference; lastKnownFileType = sourcecode.swift; path = Constants.swift; sourceTree = "<group>"; };
		475F1AB12ADC333D001DCF2F /* APIRequest.swift */ = {isa = PBXFileReference; lastKnownFileType = sourcecode.swift; path = APIRequest.swift; sourceTree = "<group>"; };
		475F1ABE2ADC4C2C001DCF2F /* MulticastDelegate.swift */ = {isa = PBXFileReference; lastKnownFileType = sourcecode.swift; path = MulticastDelegate.swift; sourceTree = "<group>"; };
		475F1AC92ADC59DF001DCF2F /* event_details_response_1.json */ = {isa = PBXFileReference; fileEncoding = 4; lastKnownFileType = text.json; path = event_details_response_1.json; sourceTree = "<group>"; };
		475F1ACA2ADC59DF001DCF2F /* event_details_response_2.json */ = {isa = PBXFileReference; fileEncoding = 4; lastKnownFileType = text.json; path = event_details_response_2.json; sourceTree = "<group>"; };
		475F1ACD2ADC5F6C001DCF2F /* MainTabBarViewController.swift */ = {isa = PBXFileReference; lastKnownFileType = sourcecode.swift; path = MainTabBarViewController.swift; sourceTree = "<group>"; };
		475F1AD22ADC7B0B001DCF2F /* Tournament.swift */ = {isa = PBXFileReference; lastKnownFileType = sourcecode.swift; path = Tournament.swift; sourceTree = "<group>"; };
		475F1AD72ADD4AB0001DCF2F /* EventTableViewCell.swift */ = {isa = PBXFileReference; lastKnownFileType = sourcecode.swift; path = EventTableViewCell.swift; sourceTree = "<group>"; };
		475F1ADD2ADDC6EB001DCF2F /* EventDetailsView.swift */ = {isa = PBXFileReference; lastKnownFileType = sourcecode.swift; path = EventDetailsView.swift; sourceTree = "<group>"; };
		475F1B202ADEFB6A001DCF2F /* Sofascore.xcdatamodel */ = {isa = PBXFileReference; lastKnownFileType = wrapper.xcdatamodel; path = Sofascore.xcdatamodel; sourceTree = "<group>"; };
		475F1B282ADF0241001DCF2F /* EventId.swift */ = {isa = PBXFileReference; lastKnownFileType = sourcecode.swift; path = EventId.swift; sourceTree = "<group>"; };
		475F1B2B2AE06740001DCF2F /* EventDetailsResponse.swift */ = {isa = PBXFileReference; lastKnownFileType = sourcecode.swift; path = EventDetailsResponse.swift; sourceTree = "<group>"; };
		475F1B2E2AE067B2001DCF2F /* EventDetails.swift */ = {isa = PBXFileReference; lastKnownFileType = sourcecode.swift; path = EventDetails.swift; sourceTree = "<group>"; };
		4788BA612ADBE7B500B98FF0 /* Sofascore.app */ = {isa = PBXFileReference; explicitFileType = wrapper.application; includeInIndex = 0; path = Sofascore.app; sourceTree = BUILT_PRODUCTS_DIR; };
		4788BA642ADBE7B500B98FF0 /* AppDelegate.swift */ = {isa = PBXFileReference; lastKnownFileType = sourcecode.swift; path = AppDelegate.swift; sourceTree = "<group>"; };
		4788BA662ADBE7B500B98FF0 /* SceneDelegate.swift */ = {isa = PBXFileReference; lastKnownFileType = sourcecode.swift; path = SceneDelegate.swift; sourceTree = "<group>"; };
		4788BA702ADBE7B600B98FF0 /* Assets.xcassets */ = {isa = PBXFileReference; lastKnownFileType = folder.assetcatalog; path = Assets.xcassets; sourceTree = "<group>"; };
		4788BA732ADBE7B600B98FF0 /* Base */ = {isa = PBXFileReference; lastKnownFileType = file.storyboard; name = Base; path = Base.lproj/LaunchScreen.storyboard; sourceTree = "<group>"; };
		4788BA752ADBE7B600B98FF0 /* Sofascore.entitlements */ = {isa = PBXFileReference; lastKnownFileType = text.plist.entitlements; path = Sofascore.entitlements; sourceTree = "<group>"; };
		4788BA762ADBE7B600B98FF0 /* Info.plist */ = {isa = PBXFileReference; lastKnownFileType = text.plist.xml; path = Info.plist; sourceTree = "<group>"; };
		4788BA7B2ADBE7B600B98FF0 /* SofascoreTests.xctest */ = {isa = PBXFileReference; explicitFileType = wrapper.cfbundle; includeInIndex = 0; path = SofascoreTests.xctest; sourceTree = BUILT_PRODUCTS_DIR; };
		4788BA7F2ADBE7B600B98FF0 /* SofascoreTests.swift */ = {isa = PBXFileReference; lastKnownFileType = sourcecode.swift; path = SofascoreTests.swift; sourceTree = "<group>"; };
		4788BA852ADBE7B600B98FF0 /* SofascoreUITests.xctest */ = {isa = PBXFileReference; explicitFileType = wrapper.cfbundle; includeInIndex = 0; path = SofascoreUITests.xctest; sourceTree = BUILT_PRODUCTS_DIR; };
		4788BA892ADBE7B600B98FF0 /* SofascoreUITests.swift */ = {isa = PBXFileReference; lastKnownFileType = sourcecode.swift; path = SofascoreUITests.swift; sourceTree = "<group>"; };
		4788BA8B2ADBE7B600B98FF0 /* SofascoreUITestsLaunchTests.swift */ = {isa = PBXFileReference; lastKnownFileType = sourcecode.swift; path = SofascoreUITestsLaunchTests.swift; sourceTree = "<group>"; };
		4788BAA02ADBEB7500B98FF0 /* Font.swift */ = {isa = PBXFileReference; lastKnownFileType = sourcecode.swift; path = Font.swift; sourceTree = "<group>"; };
		4788BAA22ADBEC3300B98FF0 /* Event.swift */ = {isa = PBXFileReference; lastKnownFileType = sourcecode.swift; path = Event.swift; sourceTree = "<group>"; };
		4788BAA52ADBFF2400B98FF0 /* EventListViewController.swift */ = {isa = PBXFileReference; lastKnownFileType = sourcecode.swift; path = EventListViewController.swift; sourceTree = "<group>"; };
		4788BAA72ADBFF3B00B98FF0 /* EventListViewModel.swift */ = {isa = PBXFileReference; lastKnownFileType = sourcecode.swift; path = EventListViewModel.swift; sourceTree = "<group>"; };
		4788BAA92ADC030200B98FF0 /* EventDetailsViewController.swift */ = {isa = PBXFileReference; lastKnownFileType = sourcecode.swift; path = EventDetailsViewController.swift; sourceTree = "<group>"; };
		4788BAAC2ADC035A00B98FF0 /* EventDetailsViewModel.swift */ = {isa = PBXFileReference; lastKnownFileType = sourcecode.swift; path = EventDetailsViewModel.swift; sourceTree = "<group>"; };
		4788BAAF2ADC038A00B98FF0 /* FavouritesViewController.swift */ = {isa = PBXFileReference; lastKnownFileType = sourcecode.swift; path = FavouritesViewController.swift; sourceTree = "<group>"; };
		4788BAB12ADC03A200B98FF0 /* FavouritesViewModel.swift */ = {isa = PBXFileReference; lastKnownFileType = sourcecode.swift; path = FavouritesViewModel.swift; sourceTree = "<group>"; };
		4788BAF62ADC08E400B98FF0 /* NetworkError.swift */ = {isa = PBXFileReference; lastKnownFileType = sourcecode.swift; path = NetworkError.swift; sourceTree = "<group>"; };
		4788BAF92ADC0AC000B98FF0 /* EventsStore.swift */ = {isa = PBXFileReference; lastKnownFileType = sourcecode.swift; path = EventsStore.swift; sourceTree = "<group>"; };
		4788BAFC2ADC0B1100B98FF0 /* EventsService.swift */ = {isa = PBXFileReference; lastKnownFileType = sourcecode.swift; path = EventsService.swift; sourceTree = "<group>"; };
		4788BAFE2ADC0B2500B98FF0 /* EventsRepository.swift */ = {isa = PBXFileReference; lastKnownFileType = sourcecode.swift; path = EventsRepository.swift; sourceTree = "<group>"; };
/* End PBXFileReference section */

/* Begin PBXFrameworksBuildPhase section */
		4788BA5E2ADBE7B500B98FF0 /* Frameworks */ = {
			isa = PBXFrameworksBuildPhase;
			buildActionMask = 2147483647;
			files = (
			);
			runOnlyForDeploymentPostprocessing = 0;
		};
		4788BA782ADBE7B600B98FF0 /* Frameworks */ = {
			isa = PBXFrameworksBuildPhase;
			buildActionMask = 2147483647;
			files = (
			);
			runOnlyForDeploymentPostprocessing = 0;
		};
		4788BA822ADBE7B600B98FF0 /* Frameworks */ = {
			isa = PBXFrameworksBuildPhase;
			buildActionMask = 2147483647;
			files = (
			);
			runOnlyForDeploymentPostprocessing = 0;
		};
/* End PBXFrameworksBuildPhase section */

/* Begin PBXGroup section */
		475F1AB32ADC37F4001DCF2F /* Events */ = {
			isa = PBXGroup;
			children = (
				4788BAFE2ADC0B2500B98FF0 /* EventsRepository.swift */,
				4788BAFC2ADC0B1100B98FF0 /* EventsService.swift */,
				4788BAF92ADC0AC000B98FF0 /* EventsStore.swift */,
			);
			path = Events;
			sourceTree = "<group>";
		};
		475F1AC02ADC4C59001DCF2F /* Resources */ = {
			isa = PBXGroup;
			children = (
				475F1AC92ADC59DF001DCF2F /* event_details_response_1.json */,
				475F1ACA2ADC59DF001DCF2F /* event_details_response_2.json */,
			);
			path = Resources;
			sourceTree = "<group>";
		};
		475F1ACF2ADC5F77001DCF2F /* Main */ = {
			isa = PBXGroup;
			children = (
				475F1ACD2ADC5F6C001DCF2F /* MainTabBarViewController.swift */,
			);
			path = Main;
			sourceTree = "<group>";
		};
		475F1AD62ADD4A94001DCF2F /* Cells */ = {
			isa = PBXGroup;
			children = (
				475F1AD72ADD4AB0001DCF2F /* EventTableViewCell.swift */,
			);
			path = Cells;
			sourceTree = "<group>";
		};
		475F1B2A2AE0672B001DCF2F /* Responses */ = {
			isa = PBXGroup;
			children = (
				475F1B2B2AE06740001DCF2F /* EventDetailsResponse.swift */,
			);
			path = Responses;
			sourceTree = "<group>";
		};
		475F1B2D2AE0677C001DCF2F /* CoreData */ = {
			isa = PBXGroup;
			children = (
				4788BAA22ADBEC3300B98FF0 /* Event.swift */,
				475F1B282ADF0241001DCF2F /* EventId.swift */,
			);
			path = CoreData;
			sourceTree = "<group>";
		};
		4788BA582ADBE7B500B98FF0 = {
			isa = PBXGroup;
			children = (
				4788BA632ADBE7B500B98FF0 /* Sofascore */,
				4788BA7E2ADBE7B600B98FF0 /* SofascoreTests */,
				4788BA882ADBE7B600B98FF0 /* SofascoreUITests */,
				4788BA622ADBE7B500B98FF0 /* Products */,
			);
			sourceTree = "<group>";
		};
		4788BA622ADBE7B500B98FF0 /* Products */ = {
			isa = PBXGroup;
			children = (
				4788BA612ADBE7B500B98FF0 /* Sofascore.app */,
				4788BA7B2ADBE7B600B98FF0 /* SofascoreTests.xctest */,
				4788BA852ADBE7B600B98FF0 /* SofascoreUITests.xctest */,
			);
			name = Products;
			sourceTree = "<group>";
		};
		4788BA632ADBE7B500B98FF0 /* Sofascore */ = {
			isa = PBXGroup;
			children = (
				4788BA9B2ADBEA7700B98FF0 /* Shared */,
				4788BA982ADBE97D00B98FF0 /* Controllers */,
				4788BA702ADBE7B600B98FF0 /* Assets.xcassets */,
				4788BA722ADBE7B600B98FF0 /* LaunchScreen.storyboard */,
				4788BA752ADBE7B600B98FF0 /* Sofascore.entitlements */,
				4788BA762ADBE7B600B98FF0 /* Info.plist */,
				475F1B1F2ADEFB6A001DCF2F /* Sofascore.xcdatamodeld */,
				475F1AC02ADC4C59001DCF2F /* Resources */,
			);
			path = Sofascore;
			sourceTree = "<group>";
		};
		4788BA7E2ADBE7B600B98FF0 /* SofascoreTests */ = {
			isa = PBXGroup;
			children = (
				4788BA7F2ADBE7B600B98FF0 /* SofascoreTests.swift */,
			);
			path = SofascoreTests;
			sourceTree = "<group>";
		};
		4788BA882ADBE7B600B98FF0 /* SofascoreUITests */ = {
			isa = PBXGroup;
			children = (
				4788BA892ADBE7B600B98FF0 /* SofascoreUITests.swift */,
				4788BA8B2ADBE7B600B98FF0 /* SofascoreUITestsLaunchTests.swift */,
			);
			path = SofascoreUITests;
			sourceTree = "<group>";
		};
		4788BA982ADBE97D00B98FF0 /* Controllers */ = {
			isa = PBXGroup;
			children = (
				475F1ACF2ADC5F77001DCF2F /* Main */,
				4788BAF82ADC0A2600B98FF0 /* Event List */,
				4788BAAB2ADC031A00B98FF0 /* Event Details */,
				4788BAAE2ADC037400B98FF0 /* Favourites */,
			);
			path = Controllers;
			sourceTree = "<group>";
		};
		4788BA992ADBE98500B98FF0 /* Models */ = {
			isa = PBXGroup;
			children = (
				475F1B2A2AE0672B001DCF2F /* Responses */,
				475F1B2D2AE0677C001DCF2F /* CoreData */,
				475F1B2E2AE067B2001DCF2F /* EventDetails.swift */,
				475F1AD22ADC7B0B001DCF2F /* Tournament.swift */,
				475F1AAF2ADC324D001DCF2F /* Constants.swift */,
			);
			path = Models;
			sourceTree = "<group>";
		};
		4788BA9A2ADBE9F900B98FF0 /* Stores */ = {
			isa = PBXGroup;
			children = (
				475F1AB32ADC37F4001DCF2F /* Events */,
			);
			path = Stores;
			sourceTree = "<group>";
		};
		4788BA9B2ADBEA7700B98FF0 /* Shared */ = {
			isa = PBXGroup;
			children = (
				4788BAF32ADC056D00B98FF0 /* Delegates */,
				4788BA9F2ADBEB2B00B98FF0 /* Design System */,
				4788BA992ADBE98500B98FF0 /* Models */,
				4788BA9C2ADBEA9F00B98FF0 /* Networking */,
				4788BA9A2ADBE9F900B98FF0 /* Stores */,
			);
			path = Shared;
			sourceTree = "<group>";
		};
		4788BA9C2ADBEA9F00B98FF0 /* Networking */ = {
			isa = PBXGroup;
			children = (
				475F1AB12ADC333D001DCF2F /* APIRequest.swift */,
				475F1AAB2ADC2FE0001DCF2F /* NetworkClient.swift */,
				475F1AAC2ADC2FE0001DCF2F /* NetworkRequest.swift */,
				4788BAF62ADC08E400B98FF0 /* NetworkError.swift */,
			);
			path = Networking;
			sourceTree = "<group>";
		};
		4788BA9F2ADBEB2B00B98FF0 /* Design System */ = {
			isa = PBXGroup;
			children = (
				4788BAA02ADBEB7500B98FF0 /* Font.swift */,
			);
			path = "Design System";
			sourceTree = "<group>";
		};
		4788BAAB2ADC031A00B98FF0 /* Event Details */ = {
			isa = PBXGroup;
			children = (
				4788BAA92ADC030200B98FF0 /* EventDetailsViewController.swift */,
				4788BAAC2ADC035A00B98FF0 /* EventDetailsViewModel.swift */,
				475F1ADD2ADDC6EB001DCF2F /* EventDetailsView.swift */,
			);
			path = "Event Details";
			sourceTree = "<group>";
		};
		4788BAAE2ADC037400B98FF0 /* Favourites */ = {
			isa = PBXGroup;
			children = (
				4788BAAF2ADC038A00B98FF0 /* FavouritesViewController.swift */,
				4788BAB12ADC03A200B98FF0 /* FavouritesViewModel.swift */,
			);
			path = Favourites;
			sourceTree = "<group>";
		};
		4788BAF32ADC056D00B98FF0 /* Delegates */ = {
			isa = PBXGroup;
			children = (
				4788BA642ADBE7B500B98FF0 /* AppDelegate.swift */,
				4788BA662ADBE7B500B98FF0 /* SceneDelegate.swift */,
				475F1ABE2ADC4C2C001DCF2F /* MulticastDelegate.swift */,
			);
			path = Delegates;
			sourceTree = "<group>";
		};
		4788BAF82ADC0A2600B98FF0 /* Event List */ = {
			isa = PBXGroup;
			children = (
				475F1AD62ADD4A94001DCF2F /* Cells */,
				4788BAA52ADBFF2400B98FF0 /* EventListViewController.swift */,
				4788BAA72ADBFF3B00B98FF0 /* EventListViewModel.swift */,
			);
			path = "Event List";
			sourceTree = "<group>";
		};
/* End PBXGroup section */

/* Begin PBXNativeTarget section */
		4788BA602ADBE7B500B98FF0 /* Sofascore */ = {
			isa = PBXNativeTarget;
			buildConfigurationList = 4788BA8F2ADBE7B600B98FF0 /* Build configuration list for PBXNativeTarget "Sofascore" */;
			buildPhases = (
				4788BA5D2ADBE7B500B98FF0 /* Sources */,
				4788BA5E2ADBE7B500B98FF0 /* Frameworks */,
				4788BA5F2ADBE7B500B98FF0 /* Resources */,
			);
			buildRules = (
			);
			dependencies = (
			);
			name = Sofascore;
			productName = Sofascore;
			productReference = 4788BA612ADBE7B500B98FF0 /* Sofascore.app */;
			productType = "com.apple.product-type.application";
		};
		4788BA7A2ADBE7B600B98FF0 /* SofascoreTests */ = {
			isa = PBXNativeTarget;
			buildConfigurationList = 4788BA922ADBE7B600B98FF0 /* Build configuration list for PBXNativeTarget "SofascoreTests" */;
			buildPhases = (
				4788BA772ADBE7B600B98FF0 /* Sources */,
				4788BA782ADBE7B600B98FF0 /* Frameworks */,
				4788BA792ADBE7B600B98FF0 /* Resources */,
			);
			buildRules = (
			);
			dependencies = (
				4788BA7D2ADBE7B600B98FF0 /* PBXTargetDependency */,
			);
			name = SofascoreTests;
			productName = SofascoreTests;
			productReference = 4788BA7B2ADBE7B600B98FF0 /* SofascoreTests.xctest */;
			productType = "com.apple.product-type.bundle.unit-test";
		};
		4788BA842ADBE7B600B98FF0 /* SofascoreUITests */ = {
			isa = PBXNativeTarget;
			buildConfigurationList = 4788BA952ADBE7B600B98FF0 /* Build configuration list for PBXNativeTarget "SofascoreUITests" */;
			buildPhases = (
				4788BA812ADBE7B600B98FF0 /* Sources */,
				4788BA822ADBE7B600B98FF0 /* Frameworks */,
				4788BA832ADBE7B600B98FF0 /* Resources */,
			);
			buildRules = (
			);
			dependencies = (
				4788BA872ADBE7B600B98FF0 /* PBXTargetDependency */,
			);
			name = SofascoreUITests;
			productName = SofascoreUITests;
			productReference = 4788BA852ADBE7B600B98FF0 /* SofascoreUITests.xctest */;
			productType = "com.apple.product-type.bundle.ui-testing";
		};
/* End PBXNativeTarget section */

/* Begin PBXProject section */
		4788BA592ADBE7B500B98FF0 /* Project object */ = {
			isa = PBXProject;
			attributes = {
				BuildIndependentTargetsInParallel = 1;
				LastSwiftUpdateCheck = 1500;
				LastUpgradeCheck = 1500;
				TargetAttributes = {
					4788BA602ADBE7B500B98FF0 = {
						CreatedOnToolsVersion = 15.0;
					};
					4788BA7A2ADBE7B600B98FF0 = {
						CreatedOnToolsVersion = 15.0;
						TestTargetID = 4788BA602ADBE7B500B98FF0;
					};
					4788BA842ADBE7B600B98FF0 = {
						CreatedOnToolsVersion = 15.0;
						TestTargetID = 4788BA602ADBE7B500B98FF0;
					};
				};
			};
			buildConfigurationList = 4788BA5C2ADBE7B500B98FF0 /* Build configuration list for PBXProject "Sofascore" */;
			compatibilityVersion = "Xcode 14.0";
			developmentRegion = en;
			hasScannedForEncodings = 0;
			knownRegions = (
				en,
				Base,
			);
			mainGroup = 4788BA582ADBE7B500B98FF0;
			packageReferences = (
				4788BB002ADC0C7500B98FF0 /* XCRemoteSwiftPackageReference "SnapKit" */,
			);
			productRefGroup = 4788BA622ADBE7B500B98FF0 /* Products */;
			projectDirPath = "";
			projectRoot = "";
			targets = (
				4788BA602ADBE7B500B98FF0 /* Sofascore */,
				4788BA7A2ADBE7B600B98FF0 /* SofascoreTests */,
				4788BA842ADBE7B600B98FF0 /* SofascoreUITests */,
			);
		};
/* End PBXProject section */

/* Begin PBXResourcesBuildPhase section */
		4788BA5F2ADBE7B500B98FF0 /* Resources */ = {
			isa = PBXResourcesBuildPhase;
			buildActionMask = 2147483647;
			files = (
				4788BA742ADBE7B600B98FF0 /* LaunchScreen.storyboard in Resources */,
				4788BA712ADBE7B600B98FF0 /* Assets.xcassets in Resources */,
				475F1ACC2ADC59DF001DCF2F /* event_details_response_2.json in Resources */,
				475F1ACB2ADC59DF001DCF2F /* event_details_response_1.json in Resources */,
			);
			runOnlyForDeploymentPostprocessing = 0;
		};
		4788BA792ADBE7B600B98FF0 /* Resources */ = {
			isa = PBXResourcesBuildPhase;
			buildActionMask = 2147483647;
			files = (
			);
			runOnlyForDeploymentPostprocessing = 0;
		};
		4788BA832ADBE7B600B98FF0 /* Resources */ = {
			isa = PBXResourcesBuildPhase;
			buildActionMask = 2147483647;
			files = (
			);
			runOnlyForDeploymentPostprocessing = 0;
		};
/* End PBXResourcesBuildPhase section */

/* Begin PBXSourcesBuildPhase section */
		4788BA5D2ADBE7B500B98FF0 /* Sources */ = {
			isa = PBXSourcesBuildPhase;
			buildActionMask = 2147483647;
			files = (
				475F1AD82ADD4AB0001DCF2F /* EventTableViewCell.swift in Sources */,
				4788BAB02ADC038A00B98FF0 /* FavouritesViewController.swift in Sources */,
				4788BA652ADBE7B500B98FF0 /* AppDelegate.swift in Sources */,
				475F1B292ADF0241001DCF2F /* EventId.swift in Sources */,
				4788BAFF2ADC0B2500B98FF0 /* EventsRepository.swift in Sources */,
				475F1ADE2ADDC6EB001DCF2F /* EventDetailsView.swift in Sources */,
				475F1ACE2ADC5F6C001DCF2F /* MainTabBarViewController.swift in Sources */,
				4788BAA12ADBEB7500B98FF0 /* Font.swift in Sources */,
				4788BAFD2ADC0B1100B98FF0 /* EventsService.swift in Sources */,
				4788BAA82ADBFF3B00B98FF0 /* EventListViewModel.swift in Sources */,
				475F1ABF2ADC4C2C001DCF2F /* MulticastDelegate.swift in Sources */,
				475F1AB22ADC333D001DCF2F /* APIRequest.swift in Sources */,
				475F1B2F2AE067B2001DCF2F /* EventDetails.swift in Sources */,
				4788BA672ADBE7B500B98FF0 /* SceneDelegate.swift in Sources */,
				475F1AAD2ADC2FE0001DCF2F /* NetworkClient.swift in Sources */,
				475F1AD32ADC7B0C001DCF2F /* Tournament.swift in Sources */,
				4788BAAA2ADC030200B98FF0 /* EventDetailsViewController.swift in Sources */,
				4788BAB22ADC03A200B98FF0 /* FavouritesViewModel.swift in Sources */,
				4788BAA62ADBFF2400B98FF0 /* EventListViewController.swift in Sources */,
				475F1B2C2AE06740001DCF2F /* EventDetailsResponse.swift in Sources */,
				4788BAA32ADBEC3300B98FF0 /* Event.swift in Sources */,
				4788BAFA2ADC0AC000B98FF0 /* EventsStore.swift in Sources */,
				4788BAF72ADC08E400B98FF0 /* NetworkError.swift in Sources */,
				4788BAAD2ADC035A00B98FF0 /* EventDetailsViewModel.swift in Sources */,
				475F1AAE2ADC2FE0001DCF2F /* NetworkRequest.swift in Sources */,
				475F1B212ADEFB6A001DCF2F /* Sofascore.xcdatamodeld in Sources */,
				475F1AB02ADC324D001DCF2F /* Constants.swift in Sources */,
			);
			runOnlyForDeploymentPostprocessing = 0;
		};
		4788BA772ADBE7B600B98FF0 /* Sources */ = {
			isa = PBXSourcesBuildPhase;
			buildActionMask = 2147483647;
			files = (
				4788BA802ADBE7B600B98FF0 /* SofascoreTests.swift in Sources */,
			);
			runOnlyForDeploymentPostprocessing = 0;
		};
		4788BA812ADBE7B600B98FF0 /* Sources */ = {
			isa = PBXSourcesBuildPhase;
			buildActionMask = 2147483647;
			files = (
				4788BA8C2ADBE7B600B98FF0 /* SofascoreUITestsLaunchTests.swift in Sources */,
				4788BA8A2ADBE7B600B98FF0 /* SofascoreUITests.swift in Sources */,
			);
			runOnlyForDeploymentPostprocessing = 0;
		};
/* End PBXSourcesBuildPhase section */

/* Begin PBXTargetDependency section */
		4788BA7D2ADBE7B600B98FF0 /* PBXTargetDependency */ = {
			isa = PBXTargetDependency;
			target = 4788BA602ADBE7B500B98FF0 /* Sofascore */;
			targetProxy = 4788BA7C2ADBE7B600B98FF0 /* PBXContainerItemProxy */;
		};
		4788BA872ADBE7B600B98FF0 /* PBXTargetDependency */ = {
			isa = PBXTargetDependency;
			target = 4788BA602ADBE7B500B98FF0 /* Sofascore */;
			targetProxy = 4788BA862ADBE7B600B98FF0 /* PBXContainerItemProxy */;
		};
/* End PBXTargetDependency section */

/* Begin PBXVariantGroup section */
		4788BA722ADBE7B600B98FF0 /* LaunchScreen.storyboard */ = {
			isa = PBXVariantGroup;
			children = (
				4788BA732ADBE7B600B98FF0 /* Base */,
			);
			name = LaunchScreen.storyboard;
			sourceTree = "<group>";
		};
/* End PBXVariantGroup section */

/* Begin XCBuildConfiguration section */
		4788BA8D2ADBE7B600B98FF0 /* Debug */ = {
			isa = XCBuildConfiguration;
			buildSettings = {
				ALWAYS_SEARCH_USER_PATHS = NO;
				ASSETCATALOG_COMPILER_GENERATE_SWIFT_ASSET_SYMBOL_EXTENSIONS = YES;
				CLANG_ANALYZER_NONNULL = YES;
				CLANG_ANALYZER_NUMBER_OBJECT_CONVERSION = YES_AGGRESSIVE;
				CLANG_CXX_LANGUAGE_STANDARD = "gnu++20";
				CLANG_ENABLE_MODULES = YES;
				CLANG_ENABLE_OBJC_ARC = YES;
				CLANG_ENABLE_OBJC_WEAK = YES;
				CLANG_WARN_BLOCK_CAPTURE_AUTORELEASING = YES;
				CLANG_WARN_BOOL_CONVERSION = YES;
				CLANG_WARN_COMMA = YES;
				CLANG_WARN_CONSTANT_CONVERSION = YES;
				CLANG_WARN_DEPRECATED_OBJC_IMPLEMENTATIONS = YES;
				CLANG_WARN_DIRECT_OBJC_ISA_USAGE = YES_ERROR;
				CLANG_WARN_DOCUMENTATION_COMMENTS = YES;
				CLANG_WARN_EMPTY_BODY = YES;
				CLANG_WARN_ENUM_CONVERSION = YES;
				CLANG_WARN_INFINITE_RECURSION = YES;
				CLANG_WARN_INT_CONVERSION = YES;
				CLANG_WARN_NON_LITERAL_NULL_CONVERSION = YES;
				CLANG_WARN_OBJC_IMPLICIT_RETAIN_SELF = YES;
				CLANG_WARN_OBJC_LITERAL_CONVERSION = YES;
				CLANG_WARN_OBJC_ROOT_CLASS = YES_ERROR;
				CLANG_WARN_QUOTED_INCLUDE_IN_FRAMEWORK_HEADER = YES;
				CLANG_WARN_RANGE_LOOP_ANALYSIS = YES;
				CLANG_WARN_STRICT_PROTOTYPES = YES;
				CLANG_WARN_SUSPICIOUS_MOVE = YES;
				CLANG_WARN_UNGUARDED_AVAILABILITY = YES_AGGRESSIVE;
				CLANG_WARN_UNREACHABLE_CODE = YES;
				CLANG_WARN__DUPLICATE_METHOD_MATCH = YES;
				COPY_PHASE_STRIP = NO;
				DEBUG_INFORMATION_FORMAT = dwarf;
				ENABLE_STRICT_OBJC_MSGSEND = YES;
				ENABLE_TESTABILITY = YES;
				ENABLE_USER_SCRIPT_SANDBOXING = YES;
				GCC_C_LANGUAGE_STANDARD = gnu17;
				GCC_DYNAMIC_NO_PIC = NO;
				GCC_NO_COMMON_BLOCKS = YES;
				GCC_OPTIMIZATION_LEVEL = 0;
				GCC_PREPROCESSOR_DEFINITIONS = (
					"DEBUG=1",
					"$(inherited)",
				);
				GCC_WARN_64_TO_32_BIT_CONVERSION = YES;
				GCC_WARN_ABOUT_RETURN_TYPE = YES_ERROR;
				GCC_WARN_UNDECLARED_SELECTOR = YES;
				GCC_WARN_UNINITIALIZED_AUTOS = YES_AGGRESSIVE;
				GCC_WARN_UNUSED_FUNCTION = YES;
				GCC_WARN_UNUSED_VARIABLE = YES;
				IPHONEOS_DEPLOYMENT_TARGET = 17.0;
				LOCALIZATION_PREFERS_STRING_CATALOGS = YES;
				MTL_ENABLE_DEBUG_INFO = INCLUDE_SOURCE;
				MTL_FAST_MATH = YES;
				ONLY_ACTIVE_ARCH = YES;
				SDKROOT = iphoneos;
				SWIFT_ACTIVE_COMPILATION_CONDITIONS = "DEBUG $(inherited)";
				SWIFT_OPTIMIZATION_LEVEL = "-Onone";
			};
			name = Debug;
		};
		4788BA8E2ADBE7B600B98FF0 /* Release */ = {
			isa = XCBuildConfiguration;
			buildSettings = {
				ALWAYS_SEARCH_USER_PATHS = NO;
				ASSETCATALOG_COMPILER_GENERATE_SWIFT_ASSET_SYMBOL_EXTENSIONS = YES;
				CLANG_ANALYZER_NONNULL = YES;
				CLANG_ANALYZER_NUMBER_OBJECT_CONVERSION = YES_AGGRESSIVE;
				CLANG_CXX_LANGUAGE_STANDARD = "gnu++20";
				CLANG_ENABLE_MODULES = YES;
				CLANG_ENABLE_OBJC_ARC = YES;
				CLANG_ENABLE_OBJC_WEAK = YES;
				CLANG_WARN_BLOCK_CAPTURE_AUTORELEASING = YES;
				CLANG_WARN_BOOL_CONVERSION = YES;
				CLANG_WARN_COMMA = YES;
				CLANG_WARN_CONSTANT_CONVERSION = YES;
				CLANG_WARN_DEPRECATED_OBJC_IMPLEMENTATIONS = YES;
				CLANG_WARN_DIRECT_OBJC_ISA_USAGE = YES_ERROR;
				CLANG_WARN_DOCUMENTATION_COMMENTS = YES;
				CLANG_WARN_EMPTY_BODY = YES;
				CLANG_WARN_ENUM_CONVERSION = YES;
				CLANG_WARN_INFINITE_RECURSION = YES;
				CLANG_WARN_INT_CONVERSION = YES;
				CLANG_WARN_NON_LITERAL_NULL_CONVERSION = YES;
				CLANG_WARN_OBJC_IMPLICIT_RETAIN_SELF = YES;
				CLANG_WARN_OBJC_LITERAL_CONVERSION = YES;
				CLANG_WARN_OBJC_ROOT_CLASS = YES_ERROR;
				CLANG_WARN_QUOTED_INCLUDE_IN_FRAMEWORK_HEADER = YES;
				CLANG_WARN_RANGE_LOOP_ANALYSIS = YES;
				CLANG_WARN_STRICT_PROTOTYPES = YES;
				CLANG_WARN_SUSPICIOUS_MOVE = YES;
				CLANG_WARN_UNGUARDED_AVAILABILITY = YES_AGGRESSIVE;
				CLANG_WARN_UNREACHABLE_CODE = YES;
				CLANG_WARN__DUPLICATE_METHOD_MATCH = YES;
				COPY_PHASE_STRIP = NO;
				DEBUG_INFORMATION_FORMAT = "dwarf-with-dsym";
				ENABLE_NS_ASSERTIONS = NO;
				ENABLE_STRICT_OBJC_MSGSEND = YES;
				ENABLE_USER_SCRIPT_SANDBOXING = YES;
				GCC_C_LANGUAGE_STANDARD = gnu17;
				GCC_NO_COMMON_BLOCKS = YES;
				GCC_WARN_64_TO_32_BIT_CONVERSION = YES;
				GCC_WARN_ABOUT_RETURN_TYPE = YES_ERROR;
				GCC_WARN_UNDECLARED_SELECTOR = YES;
				GCC_WARN_UNINITIALIZED_AUTOS = YES_AGGRESSIVE;
				GCC_WARN_UNUSED_FUNCTION = YES;
				GCC_WARN_UNUSED_VARIABLE = YES;
				IPHONEOS_DEPLOYMENT_TARGET = 17.0;
				LOCALIZATION_PREFERS_STRING_CATALOGS = YES;
				MTL_ENABLE_DEBUG_INFO = NO;
				MTL_FAST_MATH = YES;
				SDKROOT = iphoneos;
				SWIFT_COMPILATION_MODE = wholemodule;
				VALIDATE_PRODUCT = YES;
			};
			name = Release;
		};
		4788BA902ADBE7B600B98FF0 /* Debug */ = {
			isa = XCBuildConfiguration;
			buildSettings = {
				ASSETCATALOG_COMPILER_APPICON_NAME = AppIcon;
				ASSETCATALOG_COMPILER_GLOBAL_ACCENT_COLOR_NAME = AccentColor;
				CODE_SIGN_ENTITLEMENTS = Sofascore/Sofascore.entitlements;
				CODE_SIGN_STYLE = Automatic;
				CURRENT_PROJECT_VERSION = 1;
				GENERATE_INFOPLIST_FILE = YES;
				INFOPLIST_FILE = Sofascore/Info.plist;
				INFOPLIST_KEY_UIApplicationSupportsIndirectInputEvents = YES;
				INFOPLIST_KEY_UILaunchStoryboardName = LaunchScreen;
				INFOPLIST_KEY_UISupportedInterfaceOrientations = UIInterfaceOrientationPortrait;
				LD_RUNPATH_SEARCH_PATHS = (
					"$(inherited)",
					"@executable_path/Frameworks",
				);
				MARKETING_VERSION = 1.0;
				PRODUCT_BUNDLE_IDENTIFIER = com.milosbogdanovic.Sofascore;
				PRODUCT_NAME = "$(TARGET_NAME)";
				SWIFT_EMIT_LOC_STRINGS = YES;
				SWIFT_VERSION = 5.0;
				TARGETED_DEVICE_FAMILY = "1,2";
			};
			name = Debug;
		};
		4788BA912ADBE7B600B98FF0 /* Release */ = {
			isa = XCBuildConfiguration;
			buildSettings = {
				ASSETCATALOG_COMPILER_APPICON_NAME = AppIcon;
				ASSETCATALOG_COMPILER_GLOBAL_ACCENT_COLOR_NAME = AccentColor;
				CODE_SIGN_ENTITLEMENTS = Sofascore/Sofascore.entitlements;
				CODE_SIGN_STYLE = Automatic;
				CURRENT_PROJECT_VERSION = 1;
				GENERATE_INFOPLIST_FILE = YES;
				INFOPLIST_FILE = Sofascore/Info.plist;
				INFOPLIST_KEY_UIApplicationSupportsIndirectInputEvents = YES;
				INFOPLIST_KEY_UILaunchStoryboardName = LaunchScreen;
				INFOPLIST_KEY_UISupportedInterfaceOrientations = UIInterfaceOrientationPortrait;
				LD_RUNPATH_SEARCH_PATHS = (
					"$(inherited)",
					"@executable_path/Frameworks",
				);
				MARKETING_VERSION = 1.0;
				PRODUCT_BUNDLE_IDENTIFIER = com.milosbogdanovic.Sofascore;
				PRODUCT_NAME = "$(TARGET_NAME)";
				SWIFT_EMIT_LOC_STRINGS = YES;
				SWIFT_VERSION = 5.0;
				TARGETED_DEVICE_FAMILY = "1,2";
			};
			name = Release;
		};
		4788BA932ADBE7B600B98FF0 /* Debug */ = {
			isa = XCBuildConfiguration;
			buildSettings = {
				ALWAYS_EMBED_SWIFT_STANDARD_LIBRARIES = YES;
				BUNDLE_LOADER = "$(TEST_HOST)";
				CODE_SIGN_STYLE = Automatic;
				CURRENT_PROJECT_VERSION = 1;
				GENERATE_INFOPLIST_FILE = YES;
				IPHONEOS_DEPLOYMENT_TARGET = 17.0;
				MARKETING_VERSION = 1.0;
				PRODUCT_BUNDLE_IDENTIFIER = com.milosbogdanovic.SofascoreTests;
				PRODUCT_NAME = "$(TARGET_NAME)";
				SWIFT_EMIT_LOC_STRINGS = NO;
				SWIFT_VERSION = 5.0;
				TARGETED_DEVICE_FAMILY = "1,2";
				TEST_HOST = "$(BUILT_PRODUCTS_DIR)/Sofascore.app/$(BUNDLE_EXECUTABLE_FOLDER_PATH)/Sofascore";
			};
			name = Debug;
		};
		4788BA942ADBE7B600B98FF0 /* Release */ = {
			isa = XCBuildConfiguration;
			buildSettings = {
				ALWAYS_EMBED_SWIFT_STANDARD_LIBRARIES = YES;
				BUNDLE_LOADER = "$(TEST_HOST)";
				CODE_SIGN_STYLE = Automatic;
				CURRENT_PROJECT_VERSION = 1;
				GENERATE_INFOPLIST_FILE = YES;
				IPHONEOS_DEPLOYMENT_TARGET = 17.0;
				MARKETING_VERSION = 1.0;
				PRODUCT_BUNDLE_IDENTIFIER = com.milosbogdanovic.SofascoreTests;
				PRODUCT_NAME = "$(TARGET_NAME)";
				SWIFT_EMIT_LOC_STRINGS = NO;
				SWIFT_VERSION = 5.0;
				TARGETED_DEVICE_FAMILY = "1,2";
				TEST_HOST = "$(BUILT_PRODUCTS_DIR)/Sofascore.app/$(BUNDLE_EXECUTABLE_FOLDER_PATH)/Sofascore";
			};
			name = Release;
		};
		4788BA962ADBE7B600B98FF0 /* Debug */ = {
			isa = XCBuildConfiguration;
			buildSettings = {
				ALWAYS_EMBED_SWIFT_STANDARD_LIBRARIES = YES;
				CODE_SIGN_STYLE = Automatic;
				CURRENT_PROJECT_VERSION = 1;
				GENERATE_INFOPLIST_FILE = YES;
				MARKETING_VERSION = 1.0;
				PRODUCT_BUNDLE_IDENTIFIER = com.milosbogdanovic.SofascoreUITests;
				PRODUCT_NAME = "$(TARGET_NAME)";
				SWIFT_EMIT_LOC_STRINGS = NO;
				SWIFT_VERSION = 5.0;
				TARGETED_DEVICE_FAMILY = "1,2";
				TEST_TARGET_NAME = Sofascore;
			};
			name = Debug;
		};
		4788BA972ADBE7B600B98FF0 /* Release */ = {
			isa = XCBuildConfiguration;
			buildSettings = {
				ALWAYS_EMBED_SWIFT_STANDARD_LIBRARIES = YES;
				CODE_SIGN_STYLE = Automatic;
				CURRENT_PROJECT_VERSION = 1;
				GENERATE_INFOPLIST_FILE = YES;
				MARKETING_VERSION = 1.0;
				PRODUCT_BUNDLE_IDENTIFIER = com.milosbogdanovic.SofascoreUITests;
				PRODUCT_NAME = "$(TARGET_NAME)";
				SWIFT_EMIT_LOC_STRINGS = NO;
				SWIFT_VERSION = 5.0;
				TARGETED_DEVICE_FAMILY = "1,2";
				TEST_TARGET_NAME = Sofascore;
			};
			name = Release;
		};
/* End XCBuildConfiguration section */

/* Begin XCConfigurationList section */
		4788BA5C2ADBE7B500B98FF0 /* Build configuration list for PBXProject "Sofascore" */ = {
			isa = XCConfigurationList;
			buildConfigurations = (
				4788BA8D2ADBE7B600B98FF0 /* Debug */,
				4788BA8E2ADBE7B600B98FF0 /* Release */,
			);
			defaultConfigurationIsVisible = 0;
			defaultConfigurationName = Release;
		};
		4788BA8F2ADBE7B600B98FF0 /* Build configuration list for PBXNativeTarget "Sofascore" */ = {
			isa = XCConfigurationList;
			buildConfigurations = (
				4788BA902ADBE7B600B98FF0 /* Debug */,
				4788BA912ADBE7B600B98FF0 /* Release */,
			);
			defaultConfigurationIsVisible = 0;
			defaultConfigurationName = Release;
		};
		4788BA922ADBE7B600B98FF0 /* Build configuration list for PBXNativeTarget "SofascoreTests" */ = {
			isa = XCConfigurationList;
			buildConfigurations = (
				4788BA932ADBE7B600B98FF0 /* Debug */,
				4788BA942ADBE7B600B98FF0 /* Release */,
			);
			defaultConfigurationIsVisible = 0;
			defaultConfigurationName = Release;
		};
		4788BA952ADBE7B600B98FF0 /* Build configuration list for PBXNativeTarget "SofascoreUITests" */ = {
			isa = XCConfigurationList;
			buildConfigurations = (
				4788BA962ADBE7B600B98FF0 /* Debug */,
				4788BA972ADBE7B600B98FF0 /* Release */,
			);
			defaultConfigurationIsVisible = 0;
			defaultConfigurationName = Release;
		};
/* End XCConfigurationList section */

/* Begin XCRemoteSwiftPackageReference section */
		4788BB002ADC0C7500B98FF0 /* XCRemoteSwiftPackageReference "SnapKit" */ = {
			isa = XCRemoteSwiftPackageReference;
			repositoryURL = "https://github.com/SnapKit/SnapKit.git";
			requirement = {
				kind = upToNextMajorVersion;
				minimumVersion = 5.6.0;
			};
		};
/* End XCRemoteSwiftPackageReference section */

/* Begin XCVersionGroup section */
		475F1B1F2ADEFB6A001DCF2F /* Sofascore.xcdatamodeld */ = {
			isa = XCVersionGroup;
			children = (
				475F1B202ADEFB6A001DCF2F /* Sofascore.xcdatamodel */,
			);
			currentVersion = 475F1B202ADEFB6A001DCF2F /* Sofascore.xcdatamodel */;
			path = Sofascore.xcdatamodeld;
			sourceTree = "<group>";
			versionGroupType = wrapper.xcdatamodel;
		};
/* End XCVersionGroup section */
	};
	rootObject = 4788BA592ADBE7B500B98FF0 /* Project object */;
}
